// !$*UTF8*$!
{
	archiveVersion = 1;
	classes = {
	};
	objectVersion = 55;
	objects = {

/* Begin PBXBuildFile section */
		29A607442834C8DD0012BFB7 /* AuthenticationModel.swift in Sources */ = {isa = PBXBuildFile; fileRef = 29A607432834C8DD0012BFB7 /* AuthenticationModel.swift */; };
		29A607462834D1F40012BFB7 /* ProfileView.swift in Sources */ = {isa = PBXBuildFile; fileRef = 29A607452834D1F30012BFB7 /* ProfileView.swift */; };
		29A607482834D2090012BFB7 /* DailyDataView.swift in Sources */ = {isa = PBXBuildFile; fileRef = 29A607472834D2090012BFB7 /* DailyDataView.swift */; };
		29A6074F2834D9610012BFB7 /* CustomCorners.swift in Sources */ = {isa = PBXBuildFile; fileRef = 29A6074E2834D9610012BFB7 /* CustomCorners.swift */; };
		29A607532834EC930012BFB7 /* TabBarView.swift in Sources */ = {isa = PBXBuildFile; fileRef = 29A607522834EC930012BFB7 /* TabBarView.swift */; };
		29C934FA282F93DD006A1820 /* PurificatorApp.swift in Sources */ = {isa = PBXBuildFile; fileRef = 29C934F9282F93DD006A1820 /* PurificatorApp.swift */; };
		29C934FC282F93DD006A1820 /* ContentView.swift in Sources */ = {isa = PBXBuildFile; fileRef = 29C934FB282F93DD006A1820 /* ContentView.swift */; };
		29C934FE282F93E2006A1820 /* Assets.xcassets in Resources */ = {isa = PBXBuildFile; fileRef = 29C934FD282F93E2006A1820 /* Assets.xcassets */; };
		29C93501282F93E2006A1820 /* Preview Assets.xcassets in Resources */ = {isa = PBXBuildFile; fileRef = 29C93500282F93E2006A1820 /* Preview Assets.xcassets */; };
		29C9350B282F93E2006A1820 /* PurificatorTests.swift in Sources */ = {isa = PBXBuildFile; fileRef = 29C9350A282F93E2006A1820 /* PurificatorTests.swift */; };
		29C93515282F93E2006A1820 /* PurificatorUITests.swift in Sources */ = {isa = PBXBuildFile; fileRef = 29C93514282F93E2006A1820 /* PurificatorUITests.swift */; };
		29C93517282F93E2006A1820 /* PurificatorUITestsLaunchTests.swift in Sources */ = {isa = PBXBuildFile; fileRef = 29C93516282F93E2006A1820 /* PurificatorUITestsLaunchTests.swift */; };
		29C93525282F94CC006A1820 /* FirebaseAuth in Frameworks */ = {isa = PBXBuildFile; productRef = 29C93524282F94CC006A1820 /* FirebaseAuth */; };
		29C93527282F94CC006A1820 /* FirebaseAuthCombine-Community in Frameworks */ = {isa = PBXBuildFile; productRef = 29C93526282F94CC006A1820 /* FirebaseAuthCombine-Community */; };
		29C93529282F94CC006A1820 /* FirebaseDatabase in Frameworks */ = {isa = PBXBuildFile; productRef = 29C93528282F94CC006A1820 /* FirebaseDatabase */; };
		29C9352B282F94CC006A1820 /* FirebaseDatabaseSwift in Frameworks */ = {isa = PBXBuildFile; productRef = 29C9352A282F94CC006A1820 /* FirebaseDatabaseSwift */; };
		29C9352D282F94CC006A1820 /* FirebaseFirestore in Frameworks */ = {isa = PBXBuildFile; productRef = 29C9352C282F94CC006A1820 /* FirebaseFirestore */; };
		29C9352F282F94CC006A1820 /* FirebaseFirestoreCombine-Community in Frameworks */ = {isa = PBXBuildFile; productRef = 29C9352E282F94CC006A1820 /* FirebaseFirestoreCombine-Community */; };
		29C93531282F94CC006A1820 /* FirebaseFirestoreSwift in Frameworks */ = {isa = PBXBuildFile; productRef = 29C93530282F94CC006A1820 /* FirebaseFirestoreSwift */; };
		29C93533282F94CC006A1820 /* FirebaseStorage in Frameworks */ = {isa = PBXBuildFile; productRef = 29C93532282F94CC006A1820 /* FirebaseStorage */; };
		29C93535282F94CC006A1820 /* FirebaseStorageCombine-Community in Frameworks */ = {isa = PBXBuildFile; productRef = 29C93534282F94CC006A1820 /* FirebaseStorageCombine-Community */; };
		29C93537282F9563006A1820 /* GoogleService-Info.plist in Resources */ = {isa = PBXBuildFile; fileRef = 29C93536282F9563006A1820 /* GoogleService-Info.plist */; };
		29F976842830FEDD0043DEAC /* LoginView.swift in Sources */ = {isa = PBXBuildFile; fileRef = 29F976832830FEDC0043DEAC /* LoginView.swift */; };
		29F976862830FEFA0043DEAC /* PoolSizeView.swift in Sources */ = {isa = PBXBuildFile; fileRef = 29F976852830FEFA0043DEAC /* PoolSizeView.swift */; };
		29F976882830FF0D0043DEAC /* HomeView.swift in Sources */ = {isa = PBXBuildFile; fileRef = 29F976872830FF0D0043DEAC /* HomeView.swift */; };
		29F9768A2830FFB20043DEAC /* DataModel.swift in Sources */ = {isa = PBXBuildFile; fileRef = 29F976892830FFB20043DEAC /* DataModel.swift */; };
/* End PBXBuildFile section */

/* Begin PBXContainerItemProxy section */
		29C93507282F93E2006A1820 /* PBXContainerItemProxy */ = {
			isa = PBXContainerItemProxy;
			containerPortal = 29C934EE282F93DD006A1820 /* Project object */;
			proxyType = 1;
			remoteGlobalIDString = 29C934F5282F93DD006A1820;
			remoteInfo = Purificator;
		};
		29C93511282F93E2006A1820 /* PBXContainerItemProxy */ = {
			isa = PBXContainerItemProxy;
			containerPortal = 29C934EE282F93DD006A1820 /* Project object */;
			proxyType = 1;
			remoteGlobalIDString = 29C934F5282F93DD006A1820;
			remoteInfo = Purificator;
		};
/* End PBXContainerItemProxy section */

/* Begin PBXFileReference section */
		29A607432834C8DD0012BFB7 /* AuthenticationModel.swift */ = {isa = PBXFileReference; lastKnownFileType = sourcecode.swift; path = AuthenticationModel.swift; sourceTree = "<group>"; };
		29A607452834D1F30012BFB7 /* ProfileView.swift */ = {isa = PBXFileReference; lastKnownFileType = sourcecode.swift; path = ProfileView.swift; sourceTree = "<group>"; };
		29A607472834D2090012BFB7 /* DailyDataView.swift */ = {isa = PBXFileReference; lastKnownFileType = sourcecode.swift; path = DailyDataView.swift; sourceTree = "<group>"; };
		29A6074E2834D9610012BFB7 /* CustomCorners.swift */ = {isa = PBXFileReference; lastKnownFileType = sourcecode.swift; path = CustomCorners.swift; sourceTree = "<group>"; };
		29A607522834EC930012BFB7 /* TabBarView.swift */ = {isa = PBXFileReference; lastKnownFileType = sourcecode.swift; path = TabBarView.swift; sourceTree = "<group>"; };
		29C934F6282F93DD006A1820 /* Purificator.app */ = {isa = PBXFileReference; explicitFileType = wrapper.application; includeInIndex = 0; path = Purificator.app; sourceTree = BUILT_PRODUCTS_DIR; };
		29C934F9282F93DD006A1820 /* PurificatorApp.swift */ = {isa = PBXFileReference; lastKnownFileType = sourcecode.swift; path = PurificatorApp.swift; sourceTree = "<group>"; };
		29C934FB282F93DD006A1820 /* ContentView.swift */ = {isa = PBXFileReference; lastKnownFileType = sourcecode.swift; path = ContentView.swift; sourceTree = "<group>"; };
		29C934FD282F93E2006A1820 /* Assets.xcassets */ = {isa = PBXFileReference; lastKnownFileType = folder.assetcatalog; path = Assets.xcassets; sourceTree = "<group>"; };
		29C93500282F93E2006A1820 /* Preview Assets.xcassets */ = {isa = PBXFileReference; lastKnownFileType = folder.assetcatalog; path = "Preview Assets.xcassets"; sourceTree = "<group>"; };
		29C93506282F93E2006A1820 /* PurificatorTests.xctest */ = {isa = PBXFileReference; explicitFileType = wrapper.cfbundle; includeInIndex = 0; path = PurificatorTests.xctest; sourceTree = BUILT_PRODUCTS_DIR; };
		29C9350A282F93E2006A1820 /* PurificatorTests.swift */ = {isa = PBXFileReference; lastKnownFileType = sourcecode.swift; path = PurificatorTests.swift; sourceTree = "<group>"; };
		29C93510282F93E2006A1820 /* PurificatorUITests.xctest */ = {isa = PBXFileReference; explicitFileType = wrapper.cfbundle; includeInIndex = 0; path = PurificatorUITests.xctest; sourceTree = BUILT_PRODUCTS_DIR; };
		29C93514282F93E2006A1820 /* PurificatorUITests.swift */ = {isa = PBXFileReference; lastKnownFileType = sourcecode.swift; path = PurificatorUITests.swift; sourceTree = "<group>"; };
		29C93516282F93E2006A1820 /* PurificatorUITestsLaunchTests.swift */ = {isa = PBXFileReference; lastKnownFileType = sourcecode.swift; path = PurificatorUITestsLaunchTests.swift; sourceTree = "<group>"; };
		29C93536282F9563006A1820 /* GoogleService-Info.plist */ = {isa = PBXFileReference; fileEncoding = 4; lastKnownFileType = text.plist.xml; path = "GoogleService-Info.plist"; sourceTree = "<group>"; };
		29F976832830FEDC0043DEAC /* LoginView.swift */ = {isa = PBXFileReference; lastKnownFileType = sourcecode.swift; path = LoginView.swift; sourceTree = "<group>"; };
		29F976852830FEFA0043DEAC /* PoolSizeView.swift */ = {isa = PBXFileReference; lastKnownFileType = sourcecode.swift; path = PoolSizeView.swift; sourceTree = "<group>"; };
		29F976872830FF0D0043DEAC /* HomeView.swift */ = {isa = PBXFileReference; lastKnownFileType = sourcecode.swift; path = HomeView.swift; sourceTree = "<group>"; };
		29F976892830FFB20043DEAC /* DataModel.swift */ = {isa = PBXFileReference; lastKnownFileType = sourcecode.swift; path = DataModel.swift; sourceTree = "<group>"; };
/* End PBXFileReference section */

/* Begin PBXFrameworksBuildPhase section */
		29C934F3282F93DD006A1820 /* Frameworks */ = {
			isa = PBXFrameworksBuildPhase;
			buildActionMask = 2147483647;
			files = (
				29C9352B282F94CC006A1820 /* FirebaseDatabaseSwift in Frameworks */,
				29C93529282F94CC006A1820 /* FirebaseDatabase in Frameworks */,
				29C93525282F94CC006A1820 /* FirebaseAuth in Frameworks */,
				29C93531282F94CC006A1820 /* FirebaseFirestoreSwift in Frameworks */,
				29C9352F282F94CC006A1820 /* FirebaseFirestoreCombine-Community in Frameworks */,
				29C93533282F94CC006A1820 /* FirebaseStorage in Frameworks */,
				29C9352D282F94CC006A1820 /* FirebaseFirestore in Frameworks */,
				29C93535282F94CC006A1820 /* FirebaseStorageCombine-Community in Frameworks */,
				29C93527282F94CC006A1820 /* FirebaseAuthCombine-Community in Frameworks */,
			);
			runOnlyForDeploymentPostprocessing = 0;
		};
		29C93503282F93E2006A1820 /* Frameworks */ = {
			isa = PBXFrameworksBuildPhase;
			buildActionMask = 2147483647;
			files = (
			);
			runOnlyForDeploymentPostprocessing = 0;
		};
		29C9350D282F93E2006A1820 /* Frameworks */ = {
			isa = PBXFrameworksBuildPhase;
			buildActionMask = 2147483647;
			files = (
			);
			runOnlyForDeploymentPostprocessing = 0;
		};
/* End PBXFrameworksBuildPhase section */

/* Begin PBXGroup section */
		29A607492834D2890012BFB7 /* Model */ = {
			isa = PBXGroup;
			children = (
				29F976892830FFB20043DEAC /* DataModel.swift */,
				29A607432834C8DD0012BFB7 /* AuthenticationModel.swift */,
			);
			path = Model;
			sourceTree = "<group>";
		};
		29A6074B2834D29C0012BFB7 /* View */ = {
			isa = PBXGroup;
			children = (
				29F976832830FEDC0043DEAC /* LoginView.swift */,
				29F976872830FF0D0043DEAC /* HomeView.swift */,
				29F976852830FEFA0043DEAC /* PoolSizeView.swift */,
				29A607452834D1F30012BFB7 /* ProfileView.swift */,
				29A607472834D2090012BFB7 /* DailyDataView.swift */,
				29A607522834EC930012BFB7 /* TabBarView.swift */,
			);
			path = View;
			sourceTree = "<group>";
		};
		29A6074C2834D2A50012BFB7 /* Data */ = {
			isa = PBXGroup;
			children = (
			);
			path = Data;
			sourceTree = "<group>";
		};
		29A6074D2834D9240012BFB7 /* Utility */ = {
			isa = PBXGroup;
			children = (
				29A6074E2834D9610012BFB7 /* CustomCorners.swift */,
			);
			path = Utility;
			sourceTree = "<group>";
		};
		29C934ED282F93DD006A1820 = {
			isa = PBXGroup;
			children = (
				29C93536282F9563006A1820 /* GoogleService-Info.plist */,
				29C934F8282F93DD006A1820 /* Purificator */,
				29C93509282F93E2006A1820 /* PurificatorTests */,
				29C93513282F93E2006A1820 /* PurificatorUITests */,
				29C934F7282F93DD006A1820 /* Products */,
			);
			sourceTree = "<group>";
		};
		29C934F7282F93DD006A1820 /* Products */ = {
			isa = PBXGroup;
			children = (
				29C934F6282F93DD006A1820 /* Purificator.app */,
				29C93506282F93E2006A1820 /* PurificatorTests.xctest */,
				29C93510282F93E2006A1820 /* PurificatorUITests.xctest */,
			);
			name = Products;
			sourceTree = "<group>";
		};
		29C934F8282F93DD006A1820 /* Purificator */ = {
			isa = PBXGroup;
			children = (
				29A6074D2834D9240012BFB7 /* Utility */,
				29C934F9282F93DD006A1820 /* PurificatorApp.swift */,
				29C934FB282F93DD006A1820 /* ContentView.swift */,
				29A607492834D2890012BFB7 /* Model */,
				29A6074B2834D29C0012BFB7 /* View */,
				29A6074C2834D2A50012BFB7 /* Data */,
				29C934FD282F93E2006A1820 /* Assets.xcassets */,
				29C934FF282F93E2006A1820 /* Preview Content */,
			);
			path = Purificator;
			sourceTree = "<group>";
		};
		29C934FF282F93E2006A1820 /* Preview Content */ = {
			isa = PBXGroup;
			children = (
				29C93500282F93E2006A1820 /* Preview Assets.xcassets */,
			);
			path = "Preview Content";
			sourceTree = "<group>";
		};
		29C93509282F93E2006A1820 /* PurificatorTests */ = {
			isa = PBXGroup;
			children = (
				29C9350A282F93E2006A1820 /* PurificatorTests.swift */,
			);
			path = PurificatorTests;
			sourceTree = "<group>";
		};
		29C93513282F93E2006A1820 /* PurificatorUITests */ = {
			isa = PBXGroup;
			children = (
				29C93514282F93E2006A1820 /* PurificatorUITests.swift */,
				29C93516282F93E2006A1820 /* PurificatorUITestsLaunchTests.swift */,
			);
			path = PurificatorUITests;
			sourceTree = "<group>";
		};
/* End PBXGroup section */

/* Begin PBXNativeTarget section */
		29C934F5282F93DD006A1820 /* Purificator */ = {
			isa = PBXNativeTarget;
			buildConfigurationList = 29C9351A282F93E2006A1820 /* Build configuration list for PBXNativeTarget "Purificator" */;
			buildPhases = (
				29C934F2282F93DD006A1820 /* Sources */,
				29C934F3282F93DD006A1820 /* Frameworks */,
				29C934F4282F93DD006A1820 /* Resources */,
			);
			buildRules = (
			);
			dependencies = (
			);
			name = Purificator;
			packageProductDependencies = (
				29C93524282F94CC006A1820 /* FirebaseAuth */,
				29C93526282F94CC006A1820 /* FirebaseAuthCombine-Community */,
				29C93528282F94CC006A1820 /* FirebaseDatabase */,
				29C9352A282F94CC006A1820 /* FirebaseDatabaseSwift */,
				29C9352C282F94CC006A1820 /* FirebaseFirestore */,
				29C9352E282F94CC006A1820 /* FirebaseFirestoreCombine-Community */,
				29C93530282F94CC006A1820 /* FirebaseFirestoreSwift */,
				29C93532282F94CC006A1820 /* FirebaseStorage */,
				29C93534282F94CC006A1820 /* FirebaseStorageCombine-Community */,
			);
			productName = Purificator;
			productReference = 29C934F6282F93DD006A1820 /* Purificator.app */;
			productType = "com.apple.product-type.application";
		};
		29C93505282F93E2006A1820 /* PurificatorTests */ = {
			isa = PBXNativeTarget;
			buildConfigurationList = 29C9351D282F93E2006A1820 /* Build configuration list for PBXNativeTarget "PurificatorTests" */;
			buildPhases = (
				29C93502282F93E2006A1820 /* Sources */,
				29C93503282F93E2006A1820 /* Frameworks */,
				29C93504282F93E2006A1820 /* Resources */,
			);
			buildRules = (
			);
			dependencies = (
				29C93508282F93E2006A1820 /* PBXTargetDependency */,
			);
			name = PurificatorTests;
			productName = PurificatorTests;
			productReference = 29C93506282F93E2006A1820 /* PurificatorTests.xctest */;
			productType = "com.apple.product-type.bundle.unit-test";
		};
		29C9350F282F93E2006A1820 /* PurificatorUITests */ = {
			isa = PBXNativeTarget;
			buildConfigurationList = 29C93520282F93E2006A1820 /* Build configuration list for PBXNativeTarget "PurificatorUITests" */;
			buildPhases = (
				29C9350C282F93E2006A1820 /* Sources */,
				29C9350D282F93E2006A1820 /* Frameworks */,
				29C9350E282F93E2006A1820 /* Resources */,
			);
			buildRules = (
			);
			dependencies = (
				29C93512282F93E2006A1820 /* PBXTargetDependency */,
			);
			name = PurificatorUITests;
			productName = PurificatorUITests;
			productReference = 29C93510282F93E2006A1820 /* PurificatorUITests.xctest */;
			productType = "com.apple.product-type.bundle.ui-testing";
		};
/* End PBXNativeTarget section */

/* Begin PBXProject section */
		29C934EE282F93DD006A1820 /* Project object */ = {
			isa = PBXProject;
			attributes = {
				BuildIndependentTargetsInParallel = 1;
				LastSwiftUpdateCheck = 1330;
				LastUpgradeCheck = 1330;
				TargetAttributes = {
					29C934F5282F93DD006A1820 = {
						CreatedOnToolsVersion = 13.3.1;
					};
					29C93505282F93E2006A1820 = {
						CreatedOnToolsVersion = 13.3.1;
						TestTargetID = 29C934F5282F93DD006A1820;
					};
					29C9350F282F93E2006A1820 = {
						CreatedOnToolsVersion = 13.3.1;
						TestTargetID = 29C934F5282F93DD006A1820;
					};
				};
			};
			buildConfigurationList = 29C934F1282F93DD006A1820 /* Build configuration list for PBXProject "Purificator" */;
			compatibilityVersion = "Xcode 13.0";
			developmentRegion = en;
			hasScannedForEncodings = 0;
			knownRegions = (
				en,
				Base,
			);
			mainGroup = 29C934ED282F93DD006A1820;
			packageReferences = (
				29C93523282F94CC006A1820 /* XCRemoteSwiftPackageReference "firebase-ios-sdk" */,
			);
			productRefGroup = 29C934F7282F93DD006A1820 /* Products */;
			projectDirPath = "";
			projectRoot = "";
			targets = (
				29C934F5282F93DD006A1820 /* Purificator */,
				29C93505282F93E2006A1820 /* PurificatorTests */,
				29C9350F282F93E2006A1820 /* PurificatorUITests */,
			);
		};
/* End PBXProject section */

/* Begin PBXResourcesBuildPhase section */
		29C934F4282F93DD006A1820 /* Resources */ = {
			isa = PBXResourcesBuildPhase;
			buildActionMask = 2147483647;
			files = (
				29C93501282F93E2006A1820 /* Preview Assets.xcassets in Resources */,
				29C934FE282F93E2006A1820 /* Assets.xcassets in Resources */,
				29C93537282F9563006A1820 /* GoogleService-Info.plist in Resources */,
			);
			runOnlyForDeploymentPostprocessing = 0;
		};
		29C93504282F93E2006A1820 /* Resources */ = {
			isa = PBXResourcesBuildPhase;
			buildActionMask = 2147483647;
			files = (
			);
			runOnlyForDeploymentPostprocessing = 0;
		};
		29C9350E282F93E2006A1820 /* Resources */ = {
			isa = PBXResourcesBuildPhase;
			buildActionMask = 2147483647;
			files = (
			);
			runOnlyForDeploymentPostprocessing = 0;
		};
/* End PBXResourcesBuildPhase section */

/* Begin PBXSourcesBuildPhase section */
		29C934F2282F93DD006A1820 /* Sources */ = {
			isa = PBXSourcesBuildPhase;
			buildActionMask = 2147483647;
			files = (
				29A607462834D1F40012BFB7 /* ProfileView.swift in Sources */,
				29F976842830FEDD0043DEAC /* LoginView.swift in Sources */,
				29F976862830FEFA0043DEAC /* PoolSizeView.swift in Sources */,
				29C934FC282F93DD006A1820 /* ContentView.swift in Sources */,
				29F976882830FF0D0043DEAC /* HomeView.swift in Sources */,
				29C934FA282F93DD006A1820 /* PurificatorApp.swift in Sources */,
				29A607482834D2090012BFB7 /* DailyDataView.swift in Sources */,
				29A607442834C8DD0012BFB7 /* AuthenticationModel.swift in Sources */,
				29F9768A2830FFB20043DEAC /* DataModel.swift in Sources */,
				29A607532834EC930012BFB7 /* TabBarView.swift in Sources */,
				29A6074F2834D9610012BFB7 /* CustomCorners.swift in Sources */,
			);
			runOnlyForDeploymentPostprocessing = 0;
		};
		29C93502282F93E2006A1820 /* Sources */ = {
			isa = PBXSourcesBuildPhase;
			buildActionMask = 2147483647;
			files = (
				29C9350B282F93E2006A1820 /* PurificatorTests.swift in Sources */,
			);
			runOnlyForDeploymentPostprocessing = 0;
		};
		29C9350C282F93E2006A1820 /* Sources */ = {
			isa = PBXSourcesBuildPhase;
			buildActionMask = 2147483647;
			files = (
				29C93515282F93E2006A1820 /* PurificatorUITests.swift in Sources */,
				29C93517282F93E2006A1820 /* PurificatorUITestsLaunchTests.swift in Sources */,
			);
			runOnlyForDeploymentPostprocessing = 0;
		};
/* End PBXSourcesBuildPhase section */

/* Begin PBXTargetDependency section */
		29C93508282F93E2006A1820 /* PBXTargetDependency */ = {
			isa = PBXTargetDependency;
			target = 29C934F5282F93DD006A1820 /* Purificator */;
			targetProxy = 29C93507282F93E2006A1820 /* PBXContainerItemProxy */;
		};
		29C93512282F93E2006A1820 /* PBXTargetDependency */ = {
			isa = PBXTargetDependency;
			target = 29C934F5282F93DD006A1820 /* Purificator */;
			targetProxy = 29C93511282F93E2006A1820 /* PBXContainerItemProxy */;
		};
/* End PBXTargetDependency section */

/* Begin XCBuildConfiguration section */
		29C93518282F93E2006A1820 /* Debug */ = {
			isa = XCBuildConfiguration;
			buildSettings = {
				ALWAYS_SEARCH_USER_PATHS = NO;
				CLANG_ANALYZER_NONNULL = YES;
				CLANG_ANALYZER_NUMBER_OBJECT_CONVERSION = YES_AGGRESSIVE;
				CLANG_CXX_LANGUAGE_STANDARD = "gnu++17";
				CLANG_ENABLE_MODULES = YES;
				CLANG_ENABLE_OBJC_ARC = YES;
				CLANG_ENABLE_OBJC_WEAK = YES;
				CLANG_WARN_BLOCK_CAPTURE_AUTORELEASING = YES;
				CLANG_WARN_BOOL_CONVERSION = YES;
				CLANG_WARN_COMMA = YES;
				CLANG_WARN_CONSTANT_CONVERSION = YES;
				CLANG_WARN_DEPRECATED_OBJC_IMPLEMENTATIONS = YES;
				CLANG_WARN_DIRECT_OBJC_ISA_USAGE = YES_ERROR;
				CLANG_WARN_DOCUMENTATION_COMMENTS = YES;
				CLANG_WARN_EMPTY_BODY = YES;
				CLANG_WARN_ENUM_CONVERSION = YES;
				CLANG_WARN_INFINITE_RECURSION = YES;
				CLANG_WARN_INT_CONVERSION = YES;
				CLANG_WARN_NON_LITERAL_NULL_CONVERSION = YES;
				CLANG_WARN_OBJC_IMPLICIT_RETAIN_SELF = YES;
				CLANG_WARN_OBJC_LITERAL_CONVERSION = YES;
				CLANG_WARN_OBJC_ROOT_CLASS = YES_ERROR;
				CLANG_WARN_QUOTED_INCLUDE_IN_FRAMEWORK_HEADER = YES;
				CLANG_WARN_RANGE_LOOP_ANALYSIS = YES;
				CLANG_WARN_STRICT_PROTOTYPES = YES;
				CLANG_WARN_SUSPICIOUS_MOVE = YES;
				CLANG_WARN_UNGUARDED_AVAILABILITY = YES_AGGRESSIVE;
				CLANG_WARN_UNREACHABLE_CODE = YES;
				CLANG_WARN__DUPLICATE_METHOD_MATCH = YES;
				COPY_PHASE_STRIP = NO;
				DEBUG_INFORMATION_FORMAT = dwarf;
				ENABLE_STRICT_OBJC_MSGSEND = YES;
				ENABLE_TESTABILITY = YES;
				GCC_C_LANGUAGE_STANDARD = gnu11;
				GCC_DYNAMIC_NO_PIC = NO;
				GCC_NO_COMMON_BLOCKS = YES;
				GCC_OPTIMIZATION_LEVEL = 0;
				GCC_PREPROCESSOR_DEFINITIONS = (
					"DEBUG=1",
					"$(inherited)",
				);
				GCC_WARN_64_TO_32_BIT_CONVERSION = YES;
				GCC_WARN_ABOUT_RETURN_TYPE = YES_ERROR;
				GCC_WARN_UNDECLARED_SELECTOR = YES;
				GCC_WARN_UNINITIALIZED_AUTOS = YES_AGGRESSIVE;
				GCC_WARN_UNUSED_FUNCTION = YES;
				GCC_WARN_UNUSED_VARIABLE = YES;
				IPHONEOS_DEPLOYMENT_TARGET = 15.4;
				MTL_ENABLE_DEBUG_INFO = INCLUDE_SOURCE;
				MTL_FAST_MATH = YES;
				ONLY_ACTIVE_ARCH = YES;
				SDKROOT = iphoneos;
				SWIFT_ACTIVE_COMPILATION_CONDITIONS = DEBUG;
				SWIFT_OPTIMIZATION_LEVEL = "-Onone";
			};
			name = Debug;
		};
		29C93519282F93E2006A1820 /* Release */ = {
			isa = XCBuildConfiguration;
			buildSettings = {
				ALWAYS_SEARCH_USER_PATHS = NO;
				CLANG_ANALYZER_NONNULL = YES;
				CLANG_ANALYZER_NUMBER_OBJECT_CONVERSION = YES_AGGRESSIVE;
				CLANG_CXX_LANGUAGE_STANDARD = "gnu++17";
				CLANG_ENABLE_MODULES = YES;
				CLANG_ENABLE_OBJC_ARC = YES;
				CLANG_ENABLE_OBJC_WEAK = YES;
				CLANG_WARN_BLOCK_CAPTURE_AUTORELEASING = YES;
				CLANG_WARN_BOOL_CONVERSION = YES;
				CLANG_WARN_COMMA = YES;
				CLANG_WARN_CONSTANT_CONVERSION = YES;
				CLANG_WARN_DEPRECATED_OBJC_IMPLEMENTATIONS = YES;
				CLANG_WARN_DIRECT_OBJC_ISA_USAGE = YES_ERROR;
				CLANG_WARN_DOCUMENTATION_COMMENTS = YES;
				CLANG_WARN_EMPTY_BODY = YES;
				CLANG_WARN_ENUM_CONVERSION = YES;
				CLANG_WARN_INFINITE_RECURSION = YES;
				CLANG_WARN_INT_CONVERSION = YES;
				CLANG_WARN_NON_LITERAL_NULL_CONVERSION = YES;
				CLANG_WARN_OBJC_IMPLICIT_RETAIN_SELF = YES;
				CLANG_WARN_OBJC_LITERAL_CONVERSION = YES;
				CLANG_WARN_OBJC_ROOT_CLASS = YES_ERROR;
				CLANG_WARN_QUOTED_INCLUDE_IN_FRAMEWORK_HEADER = YES;
				CLANG_WARN_RANGE_LOOP_ANALYSIS = YES;
				CLANG_WARN_STRICT_PROTOTYPES = YES;
				CLANG_WARN_SUSPICIOUS_MOVE = YES;
				CLANG_WARN_UNGUARDED_AVAILABILITY = YES_AGGRESSIVE;
				CLANG_WARN_UNREACHABLE_CODE = YES;
				CLANG_WARN__DUPLICATE_METHOD_MATCH = YES;
				COPY_PHASE_STRIP = NO;
				DEBUG_INFORMATION_FORMAT = "dwarf-with-dsym";
				ENABLE_NS_ASSERTIONS = NO;
				ENABLE_STRICT_OBJC_MSGSEND = YES;
				GCC_C_LANGUAGE_STANDARD = gnu11;
				GCC_NO_COMMON_BLOCKS = YES;
				GCC_WARN_64_TO_32_BIT_CONVERSION = YES;
				GCC_WARN_ABOUT_RETURN_TYPE = YES_ERROR;
				GCC_WARN_UNDECLARED_SELECTOR = YES;
				GCC_WARN_UNINITIALIZED_AUTOS = YES_AGGRESSIVE;
				GCC_WARN_UNUSED_FUNCTION = YES;
				GCC_WARN_UNUSED_VARIABLE = YES;
				IPHONEOS_DEPLOYMENT_TARGET = 15.4;
				MTL_ENABLE_DEBUG_INFO = NO;
				MTL_FAST_MATH = YES;
				SDKROOT = iphoneos;
				SWIFT_COMPILATION_MODE = wholemodule;
				SWIFT_OPTIMIZATION_LEVEL = "-O";
				VALIDATE_PRODUCT = YES;
			};
			name = Release;
		};
		29C9351B282F93E2006A1820 /* Debug */ = {
			isa = XCBuildConfiguration;
			buildSettings = {
				ASSETCATALOG_COMPILER_APPICON_NAME = AppIcon;
				ASSETCATALOG_COMPILER_GLOBAL_ACCENT_COLOR_NAME = AccentColor;
				CODE_SIGN_STYLE = Automatic;
				CURRENT_PROJECT_VERSION = 1;
				DEVELOPMENT_ASSET_PATHS = "\"Purificator/Preview Content\"";
				DEVELOPMENT_TEAM = Z2TMRX3MRV;
				ENABLE_PREVIEWS = YES;
				GENERATE_INFOPLIST_FILE = YES;
				INFOPLIST_KEY_UIApplicationSceneManifest_Generation = YES;
				INFOPLIST_KEY_UIApplicationSupportsIndirectInputEvents = YES;
				INFOPLIST_KEY_UILaunchScreen_Generation = YES;
				INFOPLIST_KEY_UISupportedInterfaceOrientations_iPad = "UIInterfaceOrientationPortrait UIInterfaceOrientationPortraitUpsideDown UIInterfaceOrientationLandscapeLeft UIInterfaceOrientationLandscapeRight";
				INFOPLIST_KEY_UISupportedInterfaceOrientations_iPhone = "UIInterfaceOrientationPortrait UIInterfaceOrientationLandscapeLeft UIInterfaceOrientationLandscapeRight";
				LD_RUNPATH_SEARCH_PATHS = (
					"$(inherited)",
					"@executable_path/Frameworks",
				);
				MARKETING_VERSION = 1.0;
				PRODUCT_BUNDLE_IDENTIFIER = "Nalinda-Gamaarachchi.Purificator";
				PRODUCT_NAME = "$(TARGET_NAME)";
				SWIFT_EMIT_LOC_STRINGS = YES;
				SWIFT_VERSION = 5.0;
				TARGETED_DEVICE_FAMILY = "1,2";
			};
			name = Debug;
		};
		29C9351C282F93E2006A1820 /* Release */ = {
			isa = XCBuildConfiguration;
			buildSettings = {
				ASSETCATALOG_COMPILER_APPICON_NAME = AppIcon;
				ASSETCATALOG_COMPILER_GLOBAL_ACCENT_COLOR_NAME = AccentColor;
				CODE_SIGN_STYLE = Automatic;
				CURRENT_PROJECT_VERSION = 1;
				DEVELOPMENT_ASSET_PATHS = "\"Purificator/Preview Content\"";
				DEVELOPMENT_TEAM = Z2TMRX3MRV;
				ENABLE_PREVIEWS = YES;
				GENERATE_INFOPLIST_FILE = YES;
				INFOPLIST_KEY_UIApplicationSceneManifest_Generation = YES;
				INFOPLIST_KEY_UIApplicationSupportsIndirectInputEvents = YES;
				INFOPLIST_KEY_UILaunchScreen_Generation = YES;
				INFOPLIST_KEY_UISupportedInterfaceOrientations_iPad = "UIInterfaceOrientationPortrait UIInterfaceOrientationPortraitUpsideDown UIInterfaceOrientationLandscapeLeft UIInterfaceOrientationLandscapeRight";
				INFOPLIST_KEY_UISupportedInterfaceOrientations_iPhone = "UIInterfaceOrientationPortrait UIInterfaceOrientationLandscapeLeft UIInterfaceOrientationLandscapeRight";
				LD_RUNPATH_SEARCH_PATHS = (
					"$(inherited)",
					"@executable_path/Frameworks",
				);
				MARKETING_VERSION = 1.0;
				PRODUCT_BUNDLE_IDENTIFIER = "Nalinda-Gamaarachchi.Purificator";
				PRODUCT_NAME = "$(TARGET_NAME)";
				SWIFT_EMIT_LOC_STRINGS = YES;
				SWIFT_VERSION = 5.0;
				TARGETED_DEVICE_FAMILY = "1,2";
			};
			name = Release;
		};
		29C9351E282F93E2006A1820 /* Debug */ = {
			isa = XCBuildConfiguration;
			buildSettings = {
				ALWAYS_EMBED_SWIFT_STANDARD_LIBRARIES = YES;
				BUNDLE_LOADER = "$(TEST_HOST)";
				CODE_SIGN_STYLE = Automatic;
				CURRENT_PROJECT_VERSION = 1;
				DEVELOPMENT_TEAM = Z2TMRX3MRV;
				GENERATE_INFOPLIST_FILE = YES;
				IPHONEOS_DEPLOYMENT_TARGET = 15.4;
				MARKETING_VERSION = 1.0;
				PRODUCT_BUNDLE_IDENTIFIER = "Nalinda-Gamaarachchi.PurificatorTests";
				PRODUCT_NAME = "$(TARGET_NAME)";
				SWIFT_EMIT_LOC_STRINGS = NO;
				SWIFT_VERSION = 5.0;
				TARGETED_DEVICE_FAMILY = "1,2";
				TEST_HOST = "$(BUILT_PRODUCTS_DIR)/Purificator.app/Purificator";
			};
			name = Debug;
		};
		29C9351F282F93E2006A1820 /* Release */ = {
			isa = XCBuildConfiguration;
			buildSettings = {
				ALWAYS_EMBED_SWIFT_STANDARD_LIBRARIES = YES;
				BUNDLE_LOADER = "$(TEST_HOST)";
				CODE_SIGN_STYLE = Automatic;
				CURRENT_PROJECT_VERSION = 1;
				DEVELOPMENT_TEAM = Z2TMRX3MRV;
				GENERATE_INFOPLIST_FILE = YES;
				IPHONEOS_DEPLOYMENT_TARGET = 15.4;
				MARKETING_VERSION = 1.0;
				PRODUCT_BUNDLE_IDENTIFIER = "Nalinda-Gamaarachchi.PurificatorTests";
				PRODUCT_NAME = "$(TARGET_NAME)";
				SWIFT_EMIT_LOC_STRINGS = NO;
				SWIFT_VERSION = 5.0;
				TARGETED_DEVICE_FAMILY = "1,2";
				TEST_HOST = "$(BUILT_PRODUCTS_DIR)/Purificator.app/Purificator";
			};
			name = Release;
		};
		29C93521282F93E2006A1820 /* Debug */ = {
			isa = XCBuildConfiguration;
			buildSettings = {
				ALWAYS_EMBED_SWIFT_STANDARD_LIBRARIES = YES;
				CODE_SIGN_STYLE = Automatic;
				CURRENT_PROJECT_VERSION = 1;
				DEVELOPMENT_TEAM = Z2TMRX3MRV;
				GENERATE_INFOPLIST_FILE = YES;
				MARKETING_VERSION = 1.0;
				PRODUCT_BUNDLE_IDENTIFIER = "Nalinda-Gamaarachchi.PurificatorUITests";
				PRODUCT_NAME = "$(TARGET_NAME)";
				SWIFT_EMIT_LOC_STRINGS = NO;
				SWIFT_VERSION = 5.0;
				TARGETED_DEVICE_FAMILY = "1,2";
				TEST_TARGET_NAME = Purificator;
			};
			name = Debug;
		};
		29C93522282F93E2006A1820 /* Release */ = {
			isa = XCBuildConfiguration;
			buildSettings = {
				ALWAYS_EMBED_SWIFT_STANDARD_LIBRARIES = YES;
				CODE_SIGN_STYLE = Automatic;
				CURRENT_PROJECT_VERSION = 1;
				DEVELOPMENT_TEAM = Z2TMRX3MRV;
				GENERATE_INFOPLIST_FILE = YES;
				MARKETING_VERSION = 1.0;
				PRODUCT_BUNDLE_IDENTIFIER = "Nalinda-Gamaarachchi.PurificatorUITests";
				PRODUCT_NAME = "$(TARGET_NAME)";
				SWIFT_EMIT_LOC_STRINGS = NO;
				SWIFT_VERSION = 5.0;
				TARGETED_DEVICE_FAMILY = "1,2";
				TEST_TARGET_NAME = Purificator;
			};
			name = Release;
		};
/* End XCBuildConfiguration section */

/* Begin XCConfigurationList section */
		29C934F1282F93DD006A1820 /* Build configuration list for PBXProject "Purificator" */ = {
			isa = XCConfigurationList;
			buildConfigurations = (
				29C93518282F93E2006A1820 /* Debug */,
				29C93519282F93E2006A1820 /* Release */,
			);
			defaultConfigurationIsVisible = 0;
			defaultConfigurationName = Release;
		};
		29C9351A282F93E2006A1820 /* Build configuration list for PBXNativeTarget "Purificator" */ = {
			isa = XCConfigurationList;
			buildConfigurations = (
				29C9351B282F93E2006A1820 /* Debug */,
				29C9351C282F93E2006A1820 /* Release */,
			);
			defaultConfigurationIsVisible = 0;
			defaultConfigurationName = Release;
		};
		29C9351D282F93E2006A1820 /* Build configuration list for PBXNativeTarget "PurificatorTests" */ = {
			isa = XCConfigurationList;
			buildConfigurations = (
				29C9351E282F93E2006A1820 /* Debug */,
				29C9351F282F93E2006A1820 /* Release */,
			);
			defaultConfigurationIsVisible = 0;
			defaultConfigurationName = Release;
		};
		29C93520282F93E2006A1820 /* Build configuration list for PBXNativeTarget "PurificatorUITests" */ = {
			isa = XCConfigurationList;
			buildConfigurations = (
				29C93521282F93E2006A1820 /* Debug */,
				29C93522282F93E2006A1820 /* Release */,
			);
			defaultConfigurationIsVisible = 0;
			defaultConfigurationName = Release;
		};
/* End XCConfigurationList section */

/* Begin XCRemoteSwiftPackageReference section */
		29C93523282F94CC006A1820 /* XCRemoteSwiftPackageReference "firebase-ios-sdk" */ = {
			isa = XCRemoteSwiftPackageReference;
			repositoryURL = "https://github.com/firebase/firebase-ios-sdk.git";
			requirement = {
				kind = upToNextMajorVersion;
				minimumVersion = 9.0.0;
			};
		};
/* End XCRemoteSwiftPackageReference section */

/* Begin XCSwiftPackageProductDependency section */
		29C93524282F94CC006A1820 /* FirebaseAuth */ = {
			isa = XCSwiftPackageProductDependency;
			package = 29C93523282F94CC006A1820 /* XCRemoteSwiftPackageReference "firebase-ios-sdk" */;
			productName = FirebaseAuth;
		};
		29C93526282F94CC006A1820 /* FirebaseAuthCombine-Community */ = {
			isa = XCSwiftPackageProductDependency;
			package = 29C93523282F94CC006A1820 /* XCRemoteSwiftPackageReference "firebase-ios-sdk" */;
			productName = "FirebaseAuthCombine-Community";
		};
		29C93528282F94CC006A1820 /* FirebaseDatabase */ = {
			isa = XCSwiftPackageProductDependency;
			package = 29C93523282F94CC006A1820 /* XCRemoteSwiftPackageReference "firebase-ios-sdk" */;
			productName = FirebaseDatabase;
		};
		29C9352A282F94CC006A1820 /* FirebaseDatabaseSwift */ = {
			isa = XCSwiftPackageProductDependency;
			package = 29C93523282F94CC006A1820 /* XCRemoteSwiftPackageReference "firebase-ios-sdk" */;
			productName = FirebaseDatabaseSwift;
		};
		29C9352C282F94CC006A1820 /* FirebaseFirestore */ = {
			isa = XCSwiftPackageProductDependency;
			package = 29C93523282F94CC006A1820 /* XCRemoteSwiftPackageReference "firebase-ios-sdk" */;
			productName = FirebaseFirestore;
		};
		29C9352E282F94CC006A1820 /* FirebaseFirestoreCombine-Community */ = {
			isa = XCSwiftPackageProductDependency;
			package = 29C93523282F94CC006A1820 /* XCRemoteSwiftPackageReference "firebase-ios-sdk" */;
			productName = "FirebaseFirestoreCombine-Community";
		};
		29C93530282F94CC006A1820 /* FirebaseFirestoreSwift */ = {
			isa = XCSwiftPackageProductDependency;
			package = 29C93523282F94CC006A1820 /* XCRemoteSwiftPackageReference "firebase-ios-sdk" */;
			productName = FirebaseFirestoreSwift;
		};
		29C93532282F94CC006A1820 /* FirebaseStorage */ = {
			isa = XCSwiftPackageProductDependency;
			package = 29C93523282F94CC006A1820 /* XCRemoteSwiftPackageReference "firebase-ios-sdk" */;
			productName = FirebaseStorage;
		};
		29C93534282F94CC006A1820 /* FirebaseStorageCombine-Community */ = {
			isa = XCSwiftPackageProductDependency;
			package = 29C93523282F94CC006A1820 /* XCRemoteSwiftPackageReference "firebase-ios-sdk" */;
			productName = "FirebaseStorageCombine-Community";
		};
/* End XCSwiftPackageProductDependency section */
	};
	rootObject = 29C934EE282F93DD006A1820 /* Project object */;
}
